
Microsoft Visual Studio Solution File, Format Version 12.00
# Visual Studio Version 17
VisualStudioVersion = 17.6.33815.320
MinimumVisualStudioVersion = 10.0.40219.1
Project("{FAE04EC0-301F-11D3-BF4B-00C04F79EFBC}") = "MrUnreal", "MrUnreal.csproj", "{15E96A30-D9B7-4F1C-A647-8C59A8096E73}"
EndProject
Project("{FAE04EC0-301F-11D3-BF4B-00C04F79EFBC}") = "MrUnrealData", "..\MrUnrealData\MrUnrealData.csproj", "{8E8AD9A5-77F2-4581-884D-67256FD7D06D}"
EndProject
Project("{FAE04EC0-301F-11D3-BF4B-00C04F79EFBC}") = "MrUnrealBusiness", "..\MrUnrealBusiness\MrUnrealBusiness.csproj", "{967513CE-E9B5-4FB7-A652-FA6E17FC4311}"
EndProject
Global
	GlobalSection(SolutionConfigurationPlatforms) = preSolution
		Debug|Any CPU = Debug|Any CPU
		Release|Any CPU = Release|Any CPU
	EndGlobalSection
	GlobalSection(ProjectConfigurationPlatforms) = postSolution
		{15E96A30-D9B7-4F1C-A647-8C59A8096E73}.Debug|Any CPU.ActiveCfg = Debug|Any CPU
		{15E96A30-D9B7-4F1C-A647-8C59A8096E73}.Debug|Any CPU.Build.0 = Debug|Any CPU
		{15E96A30-D9B7-4F1C-A647-8C59A8096E73}.Release|Any CPU.ActiveCfg = Release|Any CPU
		{15E96A30-D9B7-4F1C-A647-8C59A8096E73}.Release|Any CPU.Build.0 = Release|Any CPU
		{8E8AD9A5-77F2-4581-884D-67256FD7D06D}.Debug|Any CPU.ActiveCfg = Debug|Any CPU
		{8E8AD9A5-77F2-4581-884D-67256FD7D06D}.Debug|Any CPU.Build.0 = Debug|Any CPU
		{8E8AD9A5-77F2-4581-884D-67256FD7D06D}.Release|Any CPU.ActiveCfg = Release|Any CPU
		{8E8AD9A5-77F2-4581-884D-67256FD7D06D}.Release|Any CPU.Build.0 = Release|Any CPU
		{967513CE-E9B5-4FB7-A652-FA6E17FC4311}.Debug|Any CPU.ActiveCfg = Debug|Any CPU
		{967513CE-E9B5-4FB7-A652-FA6E17FC4311}.Debug|Any CPU.Build.0 = Debug|Any CPU
		{967513CE-E9B5-4FB7-A652-FA6E17FC4311}.Release|Any CPU.ActiveCfg = Release|Any CPU
		{967513CE-E9B5-4FB7-A652-FA6E17FC4311}.Release|Any CPU.Build.0 = Release|Any CPU
	EndGlobalSection
	GlobalSection(SolutionProperties) = preSolution
		HideSolutionNode = FALSE
	EndGlobalSection
	GlobalSection(ExtensibilityGlobals) = postSolution
		SolutionGuid = {6D5F9107-F2D7-4641-BDFE-B0800AFF1460}
	EndGlobalSection
EndGlobal
